// !$*UTF8*$!
{
	archiveVersion = 1;
	classes = {
	};
	objectVersion = 46;
	objects = {

/* Begin PBXBuildFile section */
		F6A77A9C1B852338007FC9C5 /* main.m in Sources */ = {isa = PBXBuildFile; fileRef = F6A77A9B1B852338007FC9C5 /* main.m */; };
		F6A77A9F1B852338007FC9C5 /* AppDelegate.m in Sources */ = {isa = PBXBuildFile; fileRef = F6A77A9E1B852338007FC9C5 /* AppDelegate.m */; };
		F6A77AA21B852338007FC9C5 /* ViewController.m in Sources */ = {isa = PBXBuildFile; fileRef = F6A77AA11B852338007FC9C5 /* ViewController.m */; };
		F6A77AA71B852338007FC9C5 /* Images.xcassets in Resources */ = {isa = PBXBuildFile; fileRef = F6A77AA61B852338007FC9C5 /* Images.xcassets */; };
		F6A77AAA1B852338007FC9C5 /* LaunchScreen.xib in Resources */ = {isa = PBXBuildFile; fileRef = F6A77AA81B852338007FC9C5 /* LaunchScreen.xib */; };
		F6A77AB61B852339007FC9C5 /* BlocBrowserTests.m in Sources */ = {isa = PBXBuildFile; fileRef = F6A77AB51B852339007FC9C5 /* BlocBrowserTests.m */; };
/* End PBXBuildFile section */

/* Begin PBXContainerItemProxy section */
		F6A77AB01B852339007FC9C5 /* PBXContainerItemProxy */ = {
			isa = PBXContainerItemProxy;
			containerPortal = F6A77A8E1B852338007FC9C5 /* Project object */;
			proxyType = 1;
			remoteGlobalIDString = F6A77A951B852338007FC9C5;
			remoteInfo = BlocBrowser;
		};
/* End PBXContainerItemProxy section */

/* Begin PBXFileReference section */
		F6A77A961B852338007FC9C5 /* BlocBrowser.app */ = {isa = PBXFileReference; explicitFileType = wrapper.application; includeInIndex = 0; path = BlocBrowser.app; sourceTree = BUILT_PRODUCTS_DIR; };
		F6A77A9A1B852338007FC9C5 /* Info.plist */ = {isa = PBXFileReference; lastKnownFileType = text.plist.xml; path = Info.plist; sourceTree = "<group>"; };
		F6A77A9B1B852338007FC9C5 /* main.m */ = {isa = PBXFileReference; lastKnownFileType = sourcecode.c.objc; path = main.m; sourceTree = "<group>"; };
		F6A77A9D1B852338007FC9C5 /* AppDelegate.h */ = {isa = PBXFileReference; lastKnownFileType = sourcecode.c.h; path = AppDelegate.h; sourceTree = "<group>"; };
		F6A77A9E1B852338007FC9C5 /* AppDelegate.m */ = {isa = PBXFileReference; lastKnownFileType = sourcecode.c.objc; path = AppDelegate.m; sourceTree = "<group>"; };
		F6A77AA01B852338007FC9C5 /* ViewController.h */ = {isa = PBXFileReference; lastKnownFileType = sourcecode.c.h; path = ViewController.h; sourceTree = "<group>"; };
		F6A77AA11B852338007FC9C5 /* ViewController.m */ = {isa = PBXFileReference; lastKnownFileType = sourcecode.c.objc; path = ViewController.m; sourceTree = "<group>"; };
		F6A77AA61B852338007FC9C5 /* Images.xcassets */ = {isa = PBXFileReference; lastKnownFileType = folder.assetcatalog; path = Images.xcassets; sourceTree = "<group>"; };
		F6A77AA91B852338007FC9C5 /* Base */ = {isa = PBXFileReference; lastKnownFileType = file.xib; name = Base; path = Base.lproj/LaunchScreen.xib; sourceTree = "<group>"; };
		F6A77AAF1B852339007FC9C5 /* BlocBrowserTests.xctest */ = {isa = PBXFileReference; explicitFileType = wrapper.cfbundle; includeInIndex = 0; path = BlocBrowserTests.xctest; sourceTree = BUILT_PRODUCTS_DIR; };
		F6A77AB41B852339007FC9C5 /* Info.plist */ = {isa = PBXFileReference; lastKnownFileType = text.plist.xml; path = Info.plist; sourceTree = "<group>"; };
		F6A77AB51B852339007FC9C5 /* BlocBrowserTests.m */ = {isa = PBXFileReference; lastKnownFileType = sourcecode.c.objc; path = BlocBrowserTests.m; sourceTree = "<group>"; };
/* End PBXFileReference section */

/* Begin PBXFrameworksBuildPhase section */
		F6A77A931B852338007FC9C5 /* Frameworks */ = {
			isa = PBXFrameworksBuildPhase;
			buildActionMask = 2147483647;
			files = (
			);
			runOnlyForDeploymentPostprocessing = 0;
		};
		F6A77AAC1B852339007FC9C5 /* Frameworks */ = {
			isa = PBXFrameworksBuildPhase;
			buildActionMask = 2147483647;
			files = (
			);
			runOnlyForDeploymentPostprocessing = 0;
		};
/* End PBXFrameworksBuildPhase section */

/* Begin PBXGroup section */
		F6A77A8D1B852338007FC9C5 = {
			isa = PBXGroup;
			children = (
				F6A77A981B852338007FC9C5 /* BlocBrowser */,
				F6A77AB21B852339007FC9C5 /* BlocBrowserTests */,
				F6A77A971B852338007FC9C5 /* Products */,
			);
			sourceTree = "<group>";
		};
		F6A77A971B852338007FC9C5 /* Products */ = {
			isa = PBXGroup;
			children = (
				F6A77A961B852338007FC9C5 /* BlocBrowser.app */,
				F6A77AAF1B852339007FC9C5 /* BlocBrowserTests.xctest */,
			);
			name = Products;
			sourceTree = "<group>";
		};
		F6A77A981B852338007FC9C5 /* BlocBrowser */ = {
			isa = PBXGroup;
			children = (
				F6A77A9D1B852338007FC9C5 /* AppDelegate.h */,
				F6A77A9E1B852338007FC9C5 /* AppDelegate.m */,
				F6A77AA01B852338007FC9C5 /* ViewController.h */,
				F6A77AA11B852338007FC9C5 /* ViewController.m */,
				F6A77AA61B852338007FC9C5 /* Images.xcassets */,
				F6A77AA81B852338007FC9C5 /* LaunchScreen.xib */,
				F6A77A991B852338007FC9C5 /* Supporting Files */,
			);
			path = BlocBrowser;
			sourceTree = "<group>";
		};
		F6A77A991B852338007FC9C5 /* Supporting Files */ = {
			isa = PBXGroup;
			children = (
				F6A77A9A1B852338007FC9C5 /* Info.plist */,
				F6A77A9B1B852338007FC9C5 /* main.m */,
			);
			name = "Supporting Files";
			sourceTree = "<group>";
		};
		F6A77AB21B852339007FC9C5 /* BlocBrowserTests */ = {
			isa = PBXGroup;
			children = (
				F6A77AB51B852339007FC9C5 /* BlocBrowserTests.m */,
				F6A77AB31B852339007FC9C5 /* Supporting Files */,
			);
			path = BlocBrowserTests;
			sourceTree = "<group>";
		};
		F6A77AB31B852339007FC9C5 /* Supporting Files */ = {
			isa = PBXGroup;
			children = (
				F6A77AB41B852339007FC9C5 /* Info.plist */,
			);
			name = "Supporting Files";
			sourceTree = "<group>";
		};
/* End PBXGroup section */

/* Begin PBXNativeTarget section */
		F6A77A951B852338007FC9C5 /* BlocBrowser */ = {
			isa = PBXNativeTarget;
			buildConfigurationList = F6A77AB91B852339007FC9C5 /* Build configuration list for PBXNativeTarget "BlocBrowser" */;
			buildPhases = (
				F6A77A921B852338007FC9C5 /* Sources */,
				F6A77A931B852338007FC9C5 /* Frameworks */,
				F6A77A941B852338007FC9C5 /* Resources */,
			);
			buildRules = (
			);
			dependencies = (
			);
			name = BlocBrowser;
			productName = BlocBrowser;
			productReference = F6A77A961B852338007FC9C5 /* BlocBrowser.app */;
			productType = "com.apple.product-type.application";
		};
		F6A77AAE1B852339007FC9C5 /* BlocBrowserTests */ = {
			isa = PBXNativeTarget;
			buildConfigurationList = F6A77ABC1B852339007FC9C5 /* Build configuration list for PBXNativeTarget "BlocBrowserTests" */;
			buildPhases = (
				F6A77AAB1B852339007FC9C5 /* Sources */,
				F6A77AAC1B852339007FC9C5 /* Frameworks */,
				F6A77AAD1B852339007FC9C5 /* Resources */,
			);
			buildRules = (
			);
			dependencies = (
				F6A77AB11B852339007FC9C5 /* PBXTargetDependency */,
			);
			name = BlocBrowserTests;
			productName = BlocBrowserTests;
			productReference = F6A77AAF1B852339007FC9C5 /* BlocBrowserTests.xctest */;
			productType = "com.apple.product-type.bundle.unit-test";
		};
/* End PBXNativeTarget section */

/* Begin PBXProject section */
		F6A77A8E1B852338007FC9C5 /* Project object */ = {
			isa = PBXProject;
			attributes = {
				LastUpgradeCheck = 0640;
				ORGANIZATIONNAME = XoiAHin;
				TargetAttributes = {
					F6A77A951B852338007FC9C5 = {
						CreatedOnToolsVersion = 6.4;
					};
					F6A77AAE1B852339007FC9C5 = {
						CreatedOnToolsVersion = 6.4;
						TestTargetID = F6A77A951B852338007FC9C5;
					};
				};
			};
			buildConfigurationList = F6A77A911B852338007FC9C5 /* Build configuration list for PBXProject "BlocBrowser" */;
			compatibilityVersion = "Xcode 3.2";
			developmentRegion = English;
			hasScannedForEncodings = 0;
			knownRegions = (
				en,
				Base,
			);
			mainGroup = F6A77A8D1B852338007FC9C5;
			productRefGroup = F6A77A971B852338007FC9C5 /* Products */;
			projectDirPath = "";
			projectRoot = "";
			targets = (
				F6A77A951B852338007FC9C5 /* BlocBrowser */,
				F6A77AAE1B852339007FC9C5 /* BlocBrowserTests */,
			);
		};
/* End PBXProject section */

/* Begin PBXResourcesBuildPhase section */
		F6A77A941B852338007FC9C5 /* Resources */ = {
			isa = PBXResourcesBuildPhase;
			buildActionMask = 2147483647;
			files = (
				F6A77AAA1B852338007FC9C5 /* LaunchScreen.xib in Resources */,
				F6A77AA71B852338007FC9C5 /* Images.xcassets in Resources */,
			);
			runOnlyForDeploymentPostprocessing = 0;
		};
		F6A77AAD1B852339007FC9C5 /* Resources */ = {
			isa = PBXResourcesBuildPhase;
			buildActionMask = 2147483647;
			files = (
			);
			runOnlyForDeploymentPostprocessing = 0;
		};
/* End PBXResourcesBuildPhase section */

/* Begin PBXSourcesBuildPhase section */
		F6A77A921B852338007FC9C5 /* Sources */ = {
			isa = PBXSourcesBuildPhase;
			buildActionMask = 2147483647;
			files = (
				F6A77AA21B852338007FC9C5 /* ViewController.m in Sources */,
				F6A77A9F1B852338007FC9C5 /* AppDelegate.m in Sources */,
				F6A77A9C1B852338007FC9C5 /* main.m in Sources */,
			);
			runOnlyForDeploymentPostprocessing = 0;
		};
		F6A77AAB1B852339007FC9C5 /* Sources */ = {
			isa = PBXSourcesBuildPhase;
			buildActionMask = 2147483647;
			files = (
				F6A77AB61B852339007FC9C5 /* BlocBrowserTests.m in Sources */,
			);
			runOnlyForDeploymentPostprocessing = 0;
		};
/* End PBXSourcesBuildPhase section */

/* Begin PBXTargetDependency section */
		F6A77AB11B852339007FC9C5 /* PBXTargetDependency */ = {
			isa = PBXTargetDependency;
			target = F6A77A951B852338007FC9C5 /* BlocBrowser */;
			targetProxy = F6A77AB01B852339007FC9C5 /* PBXContainerItemProxy */;
		};
/* End PBXTargetDependency section */

/* Begin PBXVariantGroup section */
		F6A77AA81B852338007FC9C5 /* LaunchScreen.xib */ = {
			isa = PBXVariantGroup;
			children = (
				F6A77AA91B852338007FC9C5 /* Base */,
			);
			name = LaunchScreen.xib;
			sourceTree = "<group>";
		};
/* End PBXVariantGroup section */

/* Begin XCBuildConfiguration section */
		F6A77AB71B852339007FC9C5 /* Debug */ = {
			isa = XCBuildConfiguration;
			buildSettings = {
				ALWAYS_SEARCH_USER_PATHS = NO;
				CLANG_CXX_LANGUAGE_STANDARD = "gnu++0x";
				CLANG_CXX_LIBRARY = "libc++";
				CLANG_ENABLE_MODULES = YES;
				CLANG_ENABLE_OBJC_ARC = YES;
				CLANG_WARN_BOOL_CONVERSION = YES;
				CLANG_WARN_CONSTANT_CONVERSION = YES;
				CLANG_WARN_DIRECT_OBJC_ISA_USAGE = YES_ERROR;
				CLANG_WARN_EMPTY_BODY = YES;
				CLANG_WARN_ENUM_CONVERSION = YES;
				CLANG_WARN_INT_CONVERSION = YES;
				CLANG_WARN_OBJC_ROOT_CLASS = YES_ERROR;
				CLANG_WARN_UNREACHABLE_CODE = YES;
				CLANG_WARN__DUPLICATE_METHOD_MATCH = YES;
				"CODE_SIGN_IDENTITY[sdk=iphoneos*]" = "iPhone Developer";
				COPY_PHASE_STRIP = NO;
				DEBUG_INFORMATION_FORMAT = "dwarf-with-dsym";
				ENABLE_STRICT_OBJC_MSGSEND = YES;
				GCC_C_LANGUAGE_STANDARD = gnu99;
				GCC_DYNAMIC_NO_PIC = NO;
				GCC_NO_COMMON_BLOCKS = YES;
				GCC_OPTIMIZATION_LEVEL = 0;
				GCC_PREPROCESSOR_DEFINITIONS = (
					"DEBUG=1",
					"$(inherited)",
				);
				GCC_SYMBOLS_PRIVATE_EXTERN = NO;
				GCC_WARN_64_TO_32_BIT_CONVERSION = YES;
				GCC_WARN_ABOUT_RETURN_TYPE = YES_ERROR;
				GCC_WARN_UNDECLARED_SELECTOR = YES;
				GCC_WARN_UNINITIALIZED_AUTOS = YES_AGGRESSIVE;
				GCC_WARN_UNUSED_FUNCTION = YES;
				GCC_WARN_UNUSED_VARIABLE = YES;
				IPHONEOS_DEPLOYMENT_TARGET = 8.4;
				MTL_ENABLE_DEBUG_INFO = YES;
				ONLY_ACTIVE_ARCH = YES;
				SDKROOT = iphoneos;
				TARGETED_DEVICE_FAMILY = "1,2";
			};
			name = Debug;
		};
		F6A77AB81B852339007FC9C5 /* Release */ = {
			isa = XCBuildConfiguration;
			buildSettings = {
				ALWAYS_SEARCH_USER_PATHS = NO;
				CLANG_CXX_LANGUAGE_STANDARD = "gnu++0x";
				CLANG_CXX_LIBRARY = "libc++";
				CLANG_ENABLE_MODULES = YES;
				CLANG_ENABLE_OBJC_ARC = YES;
				CLANG_WARN_BOOL_CONVERSION = YES;
				CLANG_WARN_CONSTANT_CONVERSION = YES;
				CLANG_WARN_DIRECT_OBJC_ISA_USAGE = YES_ERROR;
				CLANG_WARN_EMPTY_BODY = YES;
				CLANG_WARN_ENUM_CONVERSION = YES;
				CLANG_WARN_INT_CONVERSION = YES;
				CLANG_WARN_OBJC_ROOT_CLASS = YES_ERROR;
				CLANG_WARN_UNREACHABLE_CODE = YES;
				CLANG_WARN__DUPLICATE_METHOD_MATCH = YES;
				"CODE_SIGN_IDENTITY[sdk=iphoneos*]" = "iPhone Developer";
				COPY_PHASE_STRIP = NO;
				DEBUG_INFORMATION_FORMAT = "dwarf-with-dsym";
				ENABLE_NS_ASSERTIONS = NO;
				ENABLE_STRICT_OBJC_MSGSEND = YES;
				GCC_C_LANGUAGE_STANDARD = gnu99;
				GCC_NO_COMMON_BLOCKS = YES;
				GCC_WARN_64_TO_32_BIT_CONVERSION = YES;
				GCC_WARN_ABOUT_RETURN_TYPE = YES_ERROR;
				GCC_WARN_UNDECLARED_SELECTOR = YES;
				GCC_WARN_UNINITIALIZED_AUTOS = YES_AGGRESSIVE;
				GCC_WARN_UNUSED_FUNCTION = YES;
				GCC_WARN_UNUSED_VARIABLE = YES;
				IPHONEOS_DEPLOYMENT_TARGET = 8.4;
				MTL_ENABLE_DEBUG_INFO = NO;
				SDKROOT = iphoneos;
				TARGETED_DEVICE_FAMILY = "1,2";
				VALIDATE_PRODUCT = YES;
			};
			name = Release;
		};
		F6A77ABA1B852339007FC9C5 /* Debug */ = {
			isa = XCBuildConfiguration;
			buildSettings = {
				ASSETCATALOG_COMPILER_APPICON_NAME = AppIcon;
				INFOPLIST_FILE = BlocBrowser/Info.plist;
				LD_RUNPATH_SEARCH_PATHS = "$(inherited) @executable_path/Frameworks";
				PRODUCT_NAME = "$(TARGET_NAME)";
			};
			name = Debug;
		};
		F6A77ABB1B852339007FC9C5 /* Release */ = {
			isa = XCBuildConfiguration;
			buildSettings = {
				ASSETCATALOG_COMPILER_APPICON_NAME = AppIcon;
				INFOPLIST_FILE = BlocBrowser/Info.plist;
				LD_RUNPATH_SEARCH_PATHS = "$(inherited) @executable_path/Frameworks";
				PRODUCT_NAME = "$(TARGET_NAME)";
			};
			name = Release;
		};
		F6A77ABD1B852339007FC9C5 /* Debug */ = {
			isa = XCBuildConfiguration;
			buildSettings = {
				BUNDLE_LOADER = "$(TEST_HOST)";
				FRAMEWORK_SEARCH_PATHS = (
					"$(SDKROOT)/Developer/Library/Frameworks",
					"$(inherited)",
				);
				GCC_PREPROCESSOR_DEFINITIONS = (
					"DEBUG=1",
					"$(inherited)",
				);
				INFOPLIST_FILE = BlocBrowserTests/Info.plist;
				LD_RUNPATH_SEARCH_PATHS = "$(inherited) @executable_path/Frameworks @loader_path/Frameworks";
				PRODUCT_NAME = "$(TARGET_NAME)";
				TEST_HOST = "$(BUILT_PRODUCTS_DIR)/BlocBrowser.app/BlocBrowser";
			};
			name = Debug;
		};
		F6A77ABE1B852339007FC9C5 /* Release */ = {
			isa = XCBuildConfiguration;
			buildSettings = {
				BUNDLE_LOADER = "$(TEST_HOST)";
				FRAMEWORK_SEARCH_PATHS = (
					"$(SDKROOT)/Developer/Library/Frameworks",
					"$(inherited)",
				);
				INFOPLIST_FILE = BlocBrowserTests/Info.plist;
				LD_RUNPATH_SEARCH_PATHS = "$(inherited) @executable_path/Frameworks @loader_path/Frameworks";
				PRODUCT_NAME = "$(TARGET_NAME)";
				TEST_HOST = "$(BUILT_PRODUCTS_DIR)/BlocBrowser.app/BlocBrowser";
			};
			name = Release;
		};
/* End XCBuildConfiguration section */

/* Begin XCConfigurationList section */
		F6A77A911B852338007FC9C5 /* Build configuration list for PBXProject "BlocBrowser" */ = {
			isa = XCConfigurationList;
			buildConfigurations = (
				F6A77AB71B852339007FC9C5 /* Debug */,
				F6A77AB81B852339007FC9C5 /* Release */,
			);
			defaultConfigurationIsVisible = 0;
			defaultConfigurationName = Release;
		};
		F6A77AB91B852339007FC9C5 /* Build configuration list for PBXNativeTarget "BlocBrowser" */ = {
			isa = XCConfigurationList;
			buildConfigurations = (
				F6A77ABA1B852339007FC9C5 /* Debug */,
				F6A77ABB1B852339007FC9C5 /* Release */,
			);
			defaultConfigurationIsVisible = 0;
			defaultConfigurationName = Release;
		};
		F6A77ABC1B852339007FC9C5 /* Build configuration list for PBXNativeTarget "BlocBrowserTests" */ = {
			isa = XCConfigurationList;
			buildConfigurations = (
				F6A77ABD1B852339007FC9C5 /* Debug */,
				F6A77ABE1B852339007FC9C5 /* Release */,
			);
			defaultConfigurationIsVisible = 0;
			defaultConfigurationName = Release;
		};
/* End XCConfigurationList section */
	};
	rootObject = F6A77A8E1B852338007FC9C5 /* Project object */;
}
